
Microsoft Visual Studio Solution File, Format Version 12.00
# Visual Studio Version 16
VisualStudioVersion = 16.0.29009.5
MinimumVisualStudioVersion = 10.0.40219.1
Project("{FAE04EC0-301F-11D3-BF4B-00C04F79EFBC}") = "Lab_3_RockPaperScissors", "Lab_3_RockPaperScissors\Lab_3_RockPaperScissors.csproj", "{524F3A2E-870C-49F2-8B63-C6E38DA56710}"
EndProject
Global
	GlobalSection(SolutionConfigurationPlatforms) = preSolution
		Debug|Any CPU = Debug|Any CPU
		Release|Any CPU = Release|Any CPU
	EndGlobalSection
	GlobalSection(ProjectConfigurationPlatforms) = postSolution
		{524F3A2E-870C-49F2-8B63-C6E38DA56710}.Debug|Any CPU.ActiveCfg = Debug|Any CPU
		{524F3A2E-870C-49F2-8B63-C6E38DA56710}.Debug|Any CPU.Build.0 = Debug|Any CPU
		{524F3A2E-870C-49F2-8B63-C6E38DA56710}.Release|Any CPU.ActiveCfg = Release|Any CPU
		{524F3A2E-870C-49F2-8B63-C6E38DA56710}.Release|Any CPU.Build.0 = Release|Any CPU
	EndGlobalSection
	GlobalSection(SolutionProperties) = preSolution
		HideSolutionNode = FALSE
	EndGlobalSection
	GlobalSection(ExtensibilityGlobals) = postSolution
		SolutionGuid = {4A96E168-909A-4298-8BB4-FCA1C12E5942}
	EndGlobalSection
EndGlobal
